{
  "requires": true,
  "lockfileVersion": 1,
  "dependencies": {
    "cncut": {
      "version": "1.0.2",
      "resolved": "https://registry.npmjs.org/cncut/-/cncut-1.0.2.tgz",
      "integrity": "sha512-m2/mf4hE1Ep0APK0oE/hqECdOpwjwzkcktiefjrouFfHGucOkE+XXYNyG14DogL85GNGxKgZAHg3EAfk3okPQA=="
    }
  }
}
